
Microsoft Visual Studio Solution File, Format Version 12.00
# Visual Studio 14
VisualStudioVersion = 14.0.25420.1
MinimumVisualStudioVersion = 10.0.40219.1
Project("{FAE04EC0-301F-11D3-BF4B-00C04F79EFBC}") = "JA", "JA\JA.csproj", "{5DDA583B-1286-4CCE-8A94-6D2F44D6961C}"
EndProject
Project("{8BC9CEB8-8B4A-11D0-8D11-00A0C91BC942}") = "AsmDll", "AsmDll\BlendAlgorithmASM.vcxproj", "{B13220DB-0206-45B8-B03E-DB37993B5021}"
EndProject
Project("{8BC9CEB8-8B4A-11D0-8D11-00A0C91BC942}") = "DLL_C", "DLL_C\CDll.vcxproj", "{7CECD9E9-69D6-4C62-81D5-891E51208EB1}"
EndProject
Global
	GlobalSection(SolutionConfigurationPlatforms) = preSolution
		Debug|Any CPU = Debug|Any CPU
		Debug|x64 = Debug|x64
		Debug|x86 = Debug|x86
		Release|Any CPU = Release|Any CPU
		Release|x64 = Release|x64
		Release|x86 = Release|x86
	EndGlobalSection
	GlobalSection(ProjectConfigurationPlatforms) = postSolution
		{5DDA583B-1286-4CCE-8A94-6D2F44D6961C}.Debug|Any CPU.ActiveCfg = Debug|Any CPU
		{5DDA583B-1286-4CCE-8A94-6D2F44D6961C}.Debug|Any CPU.Build.0 = Debug|Any CPU
		{5DDA583B-1286-4CCE-8A94-6D2F44D6961C}.Debug|x64.ActiveCfg = Debug|x64
		{5DDA583B-1286-4CCE-8A94-6D2F44D6961C}.Debug|x64.Build.0 = Debug|x64
		{5DDA583B-1286-4CCE-8A94-6D2F44D6961C}.Debug|x86.ActiveCfg = Debug|Any CPU
		{5DDA583B-1286-4CCE-8A94-6D2F44D6961C}.Debug|x86.Build.0 = Debug|Any CPU
		{5DDA583B-1286-4CCE-8A94-6D2F44D6961C}.Release|Any CPU.ActiveCfg = Release|Any CPU
		{5DDA583B-1286-4CCE-8A94-6D2F44D6961C}.Release|Any CPU.Build.0 = Release|Any CPU
		{5DDA583B-1286-4CCE-8A94-6D2F44D6961C}.Release|x64.ActiveCfg = Release|Any CPU
		{5DDA583B-1286-4CCE-8A94-6D2F44D6961C}.Release|x64.Build.0 = Release|Any CPU
		{5DDA583B-1286-4CCE-8A94-6D2F44D6961C}.Release|x86.ActiveCfg = Release|Any CPU
		{5DDA583B-1286-4CCE-8A94-6D2F44D6961C}.Release|x86.Build.0 = Release|Any CPU
		{B13220DB-0206-45B8-B03E-DB37993B5021}.Debug|Any CPU.ActiveCfg = Debug|Win32
		{B13220DB-0206-45B8-B03E-DB37993B5021}.Debug|x64.ActiveCfg = Debug|x64
		{B13220DB-0206-45B8-B03E-DB37993B5021}.Debug|x64.Build.0 = Debug|x64
		{B13220DB-0206-45B8-B03E-DB37993B5021}.Debug|x86.ActiveCfg = Debug|Win32
		{B13220DB-0206-45B8-B03E-DB37993B5021}.Debug|x86.Build.0 = Debug|Win32
		{B13220DB-0206-45B8-B03E-DB37993B5021}.Release|Any CPU.ActiveCfg = Release|Win32
		{B13220DB-0206-45B8-B03E-DB37993B5021}.Release|x64.ActiveCfg = Release|x64
		{B13220DB-0206-45B8-B03E-DB37993B5021}.Release|x64.Build.0 = Release|x64
		{B13220DB-0206-45B8-B03E-DB37993B5021}.Release|x86.ActiveCfg = Release|Win32
		{B13220DB-0206-45B8-B03E-DB37993B5021}.Release|x86.Build.0 = Release|Win32
		{7CECD9E9-69D6-4C62-81D5-891E51208EB1}.Debug|Any CPU.ActiveCfg = Debug|Win32
		{7CECD9E9-69D6-4C62-81D5-891E51208EB1}.Debug|x64.ActiveCfg = Debug|x64
		{7CECD9E9-69D6-4C62-81D5-891E51208EB1}.Debug|x64.Build.0 = Debug|x64
		{7CECD9E9-69D6-4C62-81D5-891E51208EB1}.Debug|x86.ActiveCfg = Debug|Win32
		{7CECD9E9-69D6-4C62-81D5-891E51208EB1}.Debug|x86.Build.0 = Debug|Win32
		{7CECD9E9-69D6-4C62-81D5-891E51208EB1}.Release|Any CPU.ActiveCfg = Release|Win32
		{7CECD9E9-69D6-4C62-81D5-891E51208EB1}.Release|x64.ActiveCfg = Release|x64
		{7CECD9E9-69D6-4C62-81D5-891E51208EB1}.Release|x64.Build.0 = Release|x64
		{7CECD9E9-69D6-4C62-81D5-891E51208EB1}.Release|x86.ActiveCfg = Release|Win32
		{7CECD9E9-69D6-4C62-81D5-891E51208EB1}.Release|x86.Build.0 = Release|Win32
	EndGlobalSection
	GlobalSection(SolutionProperties) = preSolution
		HideSolutionNode = FALSE
	EndGlobalSection
EndGlobal
